
Microsoft Visual Studio Solution File, Format Version 11.00
# Visual C# Express 2010
Project("{FAE04EC0-301F-11D3-BF4B-00C04F79EFBC}") = "ConsoleDemo", "ConsoleDemo\ConsoleDemo.csproj", "{185E6664-6A68-4377-99BE-4D4BFED19298}"
EndProject
Project("{FAE04EC0-301F-11D3-BF4B-00C04F79EFBC}") = "clipper", "..\clipper_library\clipper.csproj", "{4E74771D-BFE8-40D6-AF62-B561B497093A}"
EndProject
Global
	GlobalSection(SolutionConfigurationPlatforms) = preSolution
		Debug|x86 = Debug|x86
		Release|x86 = Release|x86
	EndGlobalSection
	GlobalSection(ProjectConfigurationPlatforms) = postSolution
		{185E6664-6A68-4377-99BE-4D4BFED19298}.Debug|x86.ActiveCfg = Debug|x86
		{185E6664-6A68-4377-99BE-4D4BFED19298}.Debug|x86.Build.0 = Debug|x86
		{185E6664-6A68-4377-99BE-4D4BFED19298}.Release|x86.ActiveCfg = Release|x86
		{185E6664-6A68-4377-99BE-4D4BFED19298}.Release|x86.Build.0 = Release|x86
		{4E74771D-BFE8-40D6-AF62-B561B497093A}.Debug|x86.ActiveCfg = Debug|x86
		{4E74771D-BFE8-40D6-AF62-B561B497093A}.Debug|x86.Build.0 = Debug|x86
		{4E74771D-BFE8-40D6-AF62-B561B497093A}.Release|x86.ActiveCfg = Release|x86
		{4E74771D-BFE8-40D6-AF62-B561B497093A}.Release|x86.Build.0 = Release|x86
	EndGlobalSection
	GlobalSection(SolutionProperties) = preSolution
		HideSolutionNode = FALSE
	EndGlobalSection
EndGlobal
